
Microsoft Visual Studio Solution File, Format Version 12.00
# Visual Studio Version 16
VisualStudioVersion = 16.0.29503.13
MinimumVisualStudioVersion = 10.0.40219.1
Project("{F184B08F-C81C-45F6-A57F-5ABD9991F28F}") = "NTFSMaxLen", "NTFSMaxLen\NTFSMaxLen.vbproj", "{62B8C463-FCB6-41F7-B84B-EA6748BE9CA2}"
EndProject
Project("{54435603-DBB4-11D2-8724-00A0C9A8B90C}") = "NTFSMaxLen", "NTFSMaxLenSetup\NTFSMaxLenSetup.vdproj", "{54E29477-BAE1-48C7-9C71-4D0B73EFFBDB}"
EndProject
Global
	GlobalSection(SolutionConfigurationPlatforms) = preSolution
		Debug|Any CPU = Debug|Any CPU
		Release|Any CPU = Release|Any CPU
	EndGlobalSection
	GlobalSection(ProjectConfigurationPlatforms) = postSolution
		{62B8C463-FCB6-41F7-B84B-EA6748BE9CA2}.Debug|Any CPU.ActiveCfg = Debug|Any CPU
		{62B8C463-FCB6-41F7-B84B-EA6748BE9CA2}.Debug|Any CPU.Build.0 = Debug|Any CPU
		{62B8C463-FCB6-41F7-B84B-EA6748BE9CA2}.Release|Any CPU.ActiveCfg = Release|Any CPU
		{62B8C463-FCB6-41F7-B84B-EA6748BE9CA2}.Release|Any CPU.Build.0 = Release|Any CPU
		{54E29477-BAE1-48C7-9C71-4D0B73EFFBDB}.Debug|Any CPU.ActiveCfg = Debug
		{54E29477-BAE1-48C7-9C71-4D0B73EFFBDB}.Release|Any CPU.ActiveCfg = Release
		{54E29477-BAE1-48C7-9C71-4D0B73EFFBDB}.Release|Any CPU.Build.0 = Release
	EndGlobalSection
	GlobalSection(SolutionProperties) = preSolution
		HideSolutionNode = FALSE
	EndGlobalSection
	GlobalSection(ExtensibilityGlobals) = postSolution
		SolutionGuid = {1A0D8669-4511-44E7-9706-B7846F27047D}
	EndGlobalSection
EndGlobal
